
Microsoft Visual Studio Solution File, Format Version 12.00
# Visual Studio Version 17
VisualStudioVersion = 17.14.36603.0 d17.14
MinimumVisualStudioVersion = 10.0.40219.1
Project("{FAE04EC0-301F-11D3-BF4B-00C04F79EFBC}") = "Sistema Gestion Cursos", "Sistema Gestion Cursos\Sistema Gestion Cursos.csproj", "{7B625C66-5C9F-4094-838F-D0F2BAB85323}"
EndProject
Global
	GlobalSection(SolutionConfigurationPlatforms) = preSolution
		Debug|Any CPU = Debug|Any CPU
		Release|Any CPU = Release|Any CPU
	EndGlobalSection
	GlobalSection(ProjectConfigurationPlatforms) = postSolution
		{7B625C66-5C9F-4094-838F-D0F2BAB85323}.Debug|Any CPU.ActiveCfg = Debug|Any CPU
		{7B625C66-5C9F-4094-838F-D0F2BAB85323}.Debug|Any CPU.Build.0 = Debug|Any CPU
		{7B625C66-5C9F-4094-838F-D0F2BAB85323}.Release|Any CPU.ActiveCfg = Release|Any CPU
		{7B625C66-5C9F-4094-838F-D0F2BAB85323}.Release|Any CPU.Build.0 = Release|Any CPU
	EndGlobalSection
	GlobalSection(SolutionProperties) = preSolution
		HideSolutionNode = FALSE
	EndGlobalSection
	GlobalSection(ExtensibilityGlobals) = postSolution
		SolutionGuid = {0F90F9B3-88EA-4581-B57B-7491AB191861}
	EndGlobalSection
EndGlobal
